{
  "name": "classroom-runtime-foundation-v0.1.2-roadmap-r3.9",
  "version": "0.1.2",
  "lockfileVersion": 3,
  "requires": true,
  "packages": {
    "": {
      "name": "classroom-runtime-foundation-v0.1.2-roadmap-r3.9",
      "version": "0.1.2",
      "workspaces": [
        "packages/*",
        "apps/*"
      ],
      "devDependencies": {
        "typescript": "7.0.2"
      },
      "engines": {
        "node": "26.8.2",
        "npm": "11.19.1"
      }
    },
    "packages/applet-sdk": {
      "name": "@classroom/applet-sdk",
      "version": "0.1.2",
      "dependencies": {
        "@classroom/contracts": "0.1.2"
      }
    },
    "node_modules/@classroom/applet-sdk": {
      "resolved": "packages/applet-sdk",
      "link": true
    },
    "packages/contracts": {
      "name": "@classroom/contracts",
      "version": "0.1.2"
    },
    "node_modules/@classroom/contracts": {
      "resolved": "packages/contracts",
      "link": true
    },
    "packages/identity": {
      "name": "@classroom/server-identity",
      "version": "0.1.0",
      "private": true
    },
    "node_modules/@classroom/server-identity": {
      "resolved": "packages/identity",
      "link": true
    },
    "packages/intelligence": {
      "name": "@classroom/intelligence",
      "version": "0.1.2",
      "dependencies": {
        "@classroom/contracts": "0.1.2"
      }
    },
    "node_modules/@classroom/intelligence": {
      "resolved": "packages/intelligence",
      "link": true
    },
    "packages/platform": {
      "name": "@classroom/platform",
      "version": "0.1.2",
      "dependencies": {
        "@classroom/contracts": "0.1.2"
      }
    },
    "node_modules/@classroom/platform": {
      "resolved": "packages/platform",
      "link": true
    },
    "packages/presentation": {
      "name": "@classroom/presentation",
      "version": "0.1.0",
      "dependencies": {
        "@classroom/contracts": "0.1.2"
      }
    },
    "node_modules/@classroom/presentation": {
      "resolved": "packages/presentation",
      "link": true
    },
    "packages/projections": {
      "name": "@classroom/server-projections",
      "version": "0.1.0",
      "private": true,
      "dependencies": {
        "@classroom/contracts": "0.1.2",
        "@classroom/server-identity": "0.1.0"
      }
    },
    "node_modules/@classroom/server-projections": {
      "resolved": "packages/projections",
      "link": true
    },
    "packages/realtime": {
      "name": "@classroom/realtime",
      "version": "0.1.2"
    },
    "node_modules/@classroom/realtime": {
      "resolved": "packages/realtime",
      "link": true
    },
    "packages/runtime": {
      "name": "@classroom/runtime",
      "version": "0.1.2",
      "dependencies": {
        "@classroom/contracts": "0.1.2"
      }
    },
    "node_modules/@classroom/runtime": {
      "resolved": "packages/runtime",
      "link": true
    },
    "packages/storage": {
      "name": "@classroom/storage",
      "version": "0.1.2",
      "dependencies": {
        "@classroom/contracts": "0.1.2"
      }
    },
    "node_modules/@classroom/storage": {
      "resolved": "packages/storage",
      "link": true
    },
    "packages/surfaces": {
      "name": "@classroom/surfaces",
      "version": "0.1.0",
      "dependencies": {
        "@classroom/contracts": "0.1.2"
      }
    },
    "node_modules/@classroom/surfaces": {
      "resolved": "packages/surfaces",
      "link": true
    },
    "apps/backstage": {
      "name": "@classroom/backstage",
      "version": "0.0.1",
      "private": true,
      "dependencies": {
        "@classroom/contracts": "0.1.2",
        "@classroom/surfaces": "0.1.0"
      }
    },
    "node_modules/@classroom/backstage": {
      "resolved": "apps/backstage",
      "link": true
    },
    "apps/display-web": {
      "name": "@classroom/display-web",
      "version": "0.0.1",
      "private": true,
      "dependencies": {
        "@classroom/contracts": "0.1.2",
        "@classroom/surfaces": "0.1.0"
      }
    },
    "node_modules/@classroom/display-web": {
      "resolved": "apps/display-web",
      "link": true
    },
    "apps/observer-web": {
      "name": "@classroom/observer-web",
      "version": "0.0.1",
      "private": true,
      "dependencies": {
        "@classroom/contracts": "0.1.2",
        "@classroom/surfaces": "0.1.0"
      }
    },
    "node_modules/@classroom/observer-web": {
      "resolved": "apps/observer-web",
      "link": true
    },
    "apps/presentation-studio": {
      "name": "@classroom/presentation-studio",
      "version": "0.0.1",
      "private": true,
      "dependencies": {
        "@classroom/presentation": "0.1.0",
        "@classroom/contracts": "0.1.2",
        "@classroom/surfaces": "0.1.0"
      }
    },
    "node_modules/@classroom/presentation-studio": {
      "resolved": "apps/presentation-studio",
      "link": true
    },
    "apps/server": {
      "name": "@classroom/server-host",
      "version": "0.1.2",
      "private": true,
      "dependencies": {
        "@classroom/contracts": "0.1.2",
        "@classroom/runtime": "0.1.2",
        "@classroom/storage": "0.1.2",
        "@classroom/realtime": "0.1.2",
        "@classroom/platform": "0.1.2",
        "@classroom/surfaces": "0.1.0",
        "@classroom/server-identity": "0.1.0",
        "@classroom/server-projections": "0.1.0",
        "@classroom/presentation": "0.1.0"
      }
    },
    "node_modules/@classroom/server-host": {
      "resolved": "apps/server",
      "link": true
    },
    "apps/simulation-rehearsal": {
      "name": "@classroom/simulation-rehearsal",
      "version": "0.0.1",
      "private": true,
      "dependencies": {
        "@classroom/contracts": "0.1.2",
        "@classroom/surfaces": "0.1.0"
      }
    },
    "node_modules/@classroom/simulation-rehearsal": {
      "resolved": "apps/simulation-rehearsal",
      "link": true
    },
    "apps/student-web": {
      "name": "@classroom/student-web",
      "version": "0.0.1",
      "private": true,
      "dependencies": {
        "@classroom/contracts": "0.1.2",
        "@classroom/surfaces": "0.1.0"
      }
    },
    "node_modules/@classroom/student-web": {
      "resolved": "apps/student-web",
      "link": true
    },
    "apps/teacher-web": {
      "name": "@classroom/teacher-web",
      "version": "0.0.1",
      "private": true,
      "dependencies": {
        "@classroom/contracts": "0.1.2",
        "@classroom/surfaces": "0.1.0"
      }
    },
    "node_modules/@classroom/teacher-web": {
      "resolved": "apps/teacher-web",
      "link": true
    },
    "node_modules/typescript": {
      "version": "7.0.2",
      "resolved": "https://registry.npmjs.org/typescript/-/typescript-7.0.2.tgz",
      "integrity": "sha512-8FYau96o3NKOhbjKi/qNvG/W5jhzxkbdm5sj9AbZ/5T5sWqn3hJgLfGx27sRKZWTvyzCP8dLRBTf5tBTSRVUNA==",
      "dev": true,
      "license": "Apache-2.0",
      "bin": {
        "tsc": "bin/tsc"
      },
      "engines": {
        "node": ">=16.20.0"
      },
      "optionalDependencies": {
        "@typescript/typescript-darwin-arm64": "7.0.2",
        "@typescript/typescript-darwin-x64": "7.0.2",
        "@typescript/typescript-linux-arm64": "7.0.2",
        "@typescript/typescript-linux-x64": "7.0.2",
        "@typescript/typescript-win32-x64": "7.0.2",
        "@typescript/typescript-win32-arm64": "7.0.2"
      }
    },
    "node_modules/@typescript/typescript-darwin-arm64": {
      "version": "7.0.2",
      "resolved": "https://registry.npmjs.org/@typescript/typescript-darwin-arm64/-/typescript-darwin-arm64-7.0.2.tgz",
      "integrity": "sha512-gowzar9MwS/aRWp6f3a4KUqzRjAZjOsmGNCM6LcTgXum+dBfgsBVMN+AgvOCCbguXyick6LJhpBszxMebJ8syA==",
      "cpu": [
        "arm64"
      ],
      "license": "Apache-2.0",
      "optional": true,
      "os": [
        "darwin"
      ],
      "engines": {
        "node": ">=16.20.0"
      }
    },
    "node_modules/@typescript/typescript-darwin-x64": {
      "version": "7.0.2",
      "resolved": "https://registry.npmjs.org/@typescript/typescript-darwin-x64/-/typescript-darwin-x64-7.0.2.tgz",
      "integrity": "sha512-SZ9xZInqApNlNGc9s0W1VSsktYSOe9cFqNOIqmN1Gs8SmkjKZYFt017G4VwPxASInODuAdbTW7sXiFUf893RgA==",
      "cpu": [
        "x64"
      ],
      "license": "Apache-2.0",
      "optional": true,
      "os": [
        "darwin"
      ],
      "engines": {
        "node": ">=16.20.0"
      }
    },
    "node_modules/@typescript/typescript-linux-arm64": {
      "version": "7.0.2",
      "resolved": "https://registry.npmjs.org/@typescript/typescript-linux-arm64/-/typescript-linux-arm64-7.0.2.tgz",
      "integrity": "sha512-Qh4eU4/y3yDjnfjjyPYihMj5/ODIlmt+Bzu17OI+fiSRDW57QmU5SiN63exPRNJPKUzcc1INa1NXdrJ+MqHjUQ==",
      "cpu": [
        "arm64"
      ],
      "license": "Apache-2.0",
      "optional": true,
      "os": [
        "linux"
      ],
      "engines": {
        "node": ">=16.20.0"
      }
    },
    "node_modules/@typescript/typescript-linux-x64": {
      "version": "7.0.2",
      "resolved": "https://registry.npmjs.org/@typescript/typescript-linux-x64/-/typescript-linux-x64-7.0.2.tgz",
      "integrity": "sha512-EYdf2cNg7rgCWJnxCdJ+F3V39O8ihb37eHAu1LK8oAFizgTQbPOK7zHHXbPt8rX24COqODXeI3sIf0fCXG7H/A==",
      "cpu": [
        "x64"
      ],
      "license": "Apache-2.0",
      "optional": true,
      "os": [
        "linux"
      ],
      "engines": {
        "node": ">=16.20.0"
      }
    },
    "node_modules/@typescript/typescript-win32-x64": {
      "version": "7.0.2",
      "resolved": "https://registry.npmjs.org/@typescript/typescript-win32-x64/-/typescript-win32-x64-7.0.2.tgz",
      "integrity": "sha512-0BQ3HkAHHlKLSp1qRvf3SUhGpGsDuhB/jgFw75guyqbxJqEaS0Cw/VFO8i2nHglJUzQCRtMMR/IBAKE3ETMC4g==",
      "cpu": [
        "x64"
      ],
      "license": "Apache-2.0",
      "optional": true,
      "os": [
        "win32"
      ],
      "engines": {
        "node": ">=16.20.0"
      }
    },
    "node_modules/@typescript/typescript-win32-arm64": {
      "version": "7.0.2",
      "resolved": "https://registry.npmjs.org/@typescript/typescript-win32-arm64/-/typescript-win32-arm64-7.0.2.tgz",
      "integrity": "sha512-Gyl1Vy6OsWesLzmq+EP0Fb7b4Nid5232AvcA2SFcdYreldpNtYFFofPjnt62y9hQy7VTaZp65ICJjuAQRaVcIQ==",
      "cpu": [
        "arm64"
      ],
      "license": "Apache-2.0",
      "optional": true,
      "os": [
        "win32"
      ],
      "engines": {
        "node": ">=16.20.0"
      }
    }
  }
}
